{
  "requires": true,
  "lockfileVersion": 1,
  "dependencies": {
    "bootstrap-icons": {
      "version": "1.8.1",
      "resolved": "https://registry.npmjs.org/bootstrap-icons/-/bootstrap-icons-1.8.1.tgz",
      "integrity": "sha512-IXUqislddPJfwq6H+2nTkHyr9epO9h6u1AG0OZCx616w+TgzeoCjfmI3qJMQqt1J586gN2IxzB4M99Ip4sTZ1w=="
<<<<<<< Updated upstream
    },
    "vue-toastification": {
      "version": "2.0.0-rc.5",
      "resolved": "https://registry.npmjs.org/vue-toastification/-/vue-toastification-2.0.0-rc.5.tgz",
      "integrity": "sha512-q73e5jy6gucEO/U+P48hqX+/qyXDozAGmaGgLFm5tXX4wJBcVsnGp4e/iJqlm9xzHETYOilUuwOUje2Qg1JdwA=="
=======
>>>>>>> Stashed changes
    }
  }
}
